// !$*UTF8*$!
{
	archiveVersion = 1;
	classes = {
	};
	objectVersion = 50;
	objects = {

/* Begin PBXBuildFile section */
		FEC4C322234A19FB00BF4DAA /* AppDelegate.swift in Sources */ = {isa = PBXBuildFile; fileRef = FEC4C321234A19FB00BF4DAA /* AppDelegate.swift */; };
		FEC4C324234A19FB00BF4DAA /* SceneDelegate.swift in Sources */ = {isa = PBXBuildFile; fileRef = FEC4C323234A19FB00BF4DAA /* SceneDelegate.swift */; };
		FEC4C326234A19FB00BF4DAA /* ViewController.swift in Sources */ = {isa = PBXBuildFile; fileRef = FEC4C325234A19FB00BF4DAA /* ViewController.swift */; };
		FEC4C329234A19FB00BF4DAA /* Main.storyboard in Resources */ = {isa = PBXBuildFile; fileRef = FEC4C327234A19FB00BF4DAA /* Main.storyboard */; };
		FEC4C32B234A1A0400BF4DAA /* Assets.xcassets in Resources */ = {isa = PBXBuildFile; fileRef = FEC4C32A234A1A0400BF4DAA /* Assets.xcassets */; };
		FEC4C32E234A1A0400BF4DAA /* LaunchScreen.storyboard in Resources */ = {isa = PBXBuildFile; fileRef = FEC4C32C234A1A0400BF4DAA /* LaunchScreen.storyboard */; };
/* End PBXBuildFile section */

/* Begin PBXFileReference section */
		FEC4C31E234A19FB00BF4DAA /* cameraApp.app */ = {isa = PBXFileReference; explicitFileType = wrapper.application; includeInIndex = 0; path = cameraApp.app; sourceTree = BUILT_PRODUCTS_DIR; };
		FEC4C321234A19FB00BF4DAA /* AppDelegate.swift */ = {isa = PBXFileReference; lastKnownFileType = sourcecode.swift; path = AppDelegate.swift; sourceTree = "<group>"; };
		FEC4C323234A19FB00BF4DAA /* SceneDelegate.swift */ = {isa = PBXFileReference; lastKnownFileType = sourcecode.swift; path = SceneDelegate.swift; sourceTree = "<group>"; };
		FEC4C325234A19FB00BF4DAA /* ViewController.swift */ = {isa = PBXFileReference; lastKnownFileType = sourcecode.swift; path = ViewController.swift; sourceTree = "<group>"; };
		FEC4C328234A19FB00BF4DAA /* Base */ = {isa = PBXFileReference; lastKnownFileType = file.storyboard; name = Base; path = Base.lproj/Main.storyboard; sourceTree = "<group>"; };
		FEC4C32A234A1A0400BF4DAA /* Assets.xcassets */ = {isa = PBXFileReference; lastKnownFileType = folder.assetcatalog; path = Assets.xcassets; sourceTree = "<group>"; };
		FEC4C32D234A1A0400BF4DAA /* Base */ = {isa = PBXFileReference; lastKnownFileType = file.storyboard; name = Base; path = Base.lproj/LaunchScreen.storyboard; sourceTree = "<group>"; };
		FEC4C32F234A1A0400BF4DAA /* Info.plist */ = {isa = PBXFileReference; lastKnownFileType = text.plist.xml; path = Info.plist; sourceTree = "<group>"; };
/* End PBXFileReference section */

/* Begin PBXFrameworksBuildPhase section */
		FEC4C31B234A19FB00BF4DAA /* Frameworks */ = {
			isa = PBXFrameworksBuildPhase;
			buildActionMask = 2147483647;
			files = (
			);
			runOnlyForDeploymentPostprocessing = 0;
		};
/* End PBXFrameworksBuildPhase section */

/* Begin PBXGroup section */
		FEC4C315234A19FB00BF4DAA = {
			isa = PBXGroup;
			children = (
				FEC4C320234A19FB00BF4DAA /* cameraApp */,
				FEC4C31F234A19FB00BF4DAA /* Products */,
			);
			sourceTree = "<group>";
		};
		FEC4C31F234A19FB00BF4DAA /* Products */ = {
			isa = PBXGroup;
			children = (
				FEC4C31E234A19FB00BF4DAA /* cameraApp.app */,
			);
			name = Products;
			sourceTree = "<group>";
		};
		FEC4C320234A19FB00BF4DAA /* cameraApp */ = {
			isa = PBXGroup;
			children = (
				FEC4C321234A19FB00BF4DAA /* AppDelegate.swift */,
				FEC4C323234A19FB00BF4DAA /* SceneDelegate.swift */,
				FEC4C325234A19FB00BF4DAA /* ViewController.swift */,
				FEC4C327234A19FB00BF4DAA /* Main.storyboard */,
				FEC4C32A234A1A0400BF4DAA /* Assets.xcassets */,
				FEC4C32C234A1A0400BF4DAA /* LaunchScreen.storyboard */,
				FEC4C32F234A1A0400BF4DAA /* Info.plist */,
			);
			path = cameraApp;
			sourceTree = "<group>";
		};
/* End PBXGroup section */

/* Begin PBXNativeTarget section */
		FEC4C31D234A19FB00BF4DAA /* cameraApp */ = {
			isa = PBXNativeTarget;
			buildConfigurationList = FEC4C332234A1A0400BF4DAA /* Build configuration list for PBXNativeTarget "cameraApp" */;
			buildPhases = (
				FEC4C31A234A19FB00BF4DAA /* Sources */,
				FEC4C31B234A19FB00BF4DAA /* Frameworks */,
				FEC4C31C234A19FB00BF4DAA /* Resources */,
			);
			buildRules = (
			);
			dependencies = (
			);
			name = cameraApp;
			productName = cameraApp;
			productReference = FEC4C31E234A19FB00BF4DAA /* cameraApp.app */;
			productType = "com.apple.product-type.application";
		};
/* End PBXNativeTarget section */

/* Begin PBXProject section */
		FEC4C316234A19FB00BF4DAA /* Project object */ = {
			isa = PBXProject;
			attributes = {
				LastSwiftUpdateCheck = 1100;
				LastUpgradeCheck = 1100;
				ORGANIZATIONNAME = "Tsuyoshi Nagasaka";
				TargetAttributes = {
					FEC4C31D234A19FB00BF4DAA = {
						CreatedOnToolsVersion = 11.0;
					};
				};
			};
			buildConfigurationList = FEC4C319234A19FB00BF4DAA /* Build configuration list for PBXProject "cameraApp" */;
			compatibilityVersion = "Xcode 9.3";
			developmentRegion = en;
			hasScannedForEncodings = 0;
			knownRegions = (
				en,
				Base,
			);
			mainGroup = FEC4C315234A19FB00BF4DAA;
			productRefGroup = FEC4C31F234A19FB00BF4DAA /* Products */;
			projectDirPath = "";
			projectRoot = "";
			targets = (
				FEC4C31D234A19FB00BF4DAA /* cameraApp */,
			);
		};
/* End PBXProject section */

/* Begin PBXResourcesBuildPhase section */
		FEC4C31C234A19FB00BF4DAA /* Resources */ = {
			isa = PBXResourcesBuildPhase;
			buildActionMask = 2147483647;
			files = (
				FEC4C32E234A1A0400BF4DAA /* LaunchScreen.storyboard in Resources */,
				FEC4C32B234A1A0400BF4DAA /* Assets.xcassets in Resources */,
				FEC4C329234A19FB00BF4DAA /* Main.storyboard in Resources */,
			);
			runOnlyForDeploymentPostprocessing = 0;
		};
/* End PBXResourcesBuildPhase section */

/* Begin PBXSourcesBuildPhase section */
		FEC4C31A234A19FB00BF4DAA /* Sources */ = {
			isa = PBXSourcesBuildPhase;
			buildActionMask = 2147483647;
			files = (
				FEC4C326234A19FB00BF4DAA /* ViewController.swift in Sources */,
				FEC4C322234A19FB00BF4DAA /* AppDelegate.swift in Sources */,
				FEC4C324234A19FB00BF4DAA /* SceneDelegate.swift in Sources */,
			);
			runOnlyForDeploymentPostprocessing = 0;
		};
/* End PBXSourcesBuildPhase section */

/* Begin PBXVariantGroup section */
		FEC4C327234A19FB00BF4DAA /* Main.storyboard */ = {
			isa = PBXVariantGroup;
			children = (
				FEC4C328234A19FB00BF4DAA /* Base */,
			);
			name = Main.storyboard;
			sourceTree = "<group>";
		};
		FEC4C32C234A1A0400BF4DAA /* LaunchScreen.storyboard */ = {
			isa = PBXVariantGroup;
			children = (
				FEC4C32D234A1A0400BF4DAA /* Base */,
			);
			name = LaunchScreen.storyboard;
			sourceTree = "<group>";
		};
/* End PBXVariantGroup section */

/* Begin XCBuildConfiguration section */
		FEC4C330234A1A0400BF4DAA /* Debug */ = {
			isa = XCBuildConfiguration;
			buildSettings = {
				ALWAYS_SEARCH_USER_PATHS = NO;
				CLANG_ANALYZER_NONNULL = YES;
				CLANG_ANALYZER_NUMBER_OBJECT_CONVERSION = YES_AGGRESSIVE;
				CLANG_CXX_LANGUAGE_STANDARD = "gnu++14";
				CLANG_CXX_LIBRARY = "libc++";
				CLANG_ENABLE_MODULES = YES;
				CLANG_ENABLE_OBJC_ARC = YES;
				CLANG_ENABLE_OBJC_WEAK = YES;
				CLANG_WARN_BLOCK_CAPTURE_AUTORELEASING = YES;
				CLANG_WARN_BOOL_CONVERSION = YES;
				CLANG_WARN_COMMA = YES;
				CLANG_WARN_CONSTANT_CONVERSION = YES;
				CLANG_WARN_DEPRECATED_OBJC_IMPLEMENTATIONS = YES;
				CLANG_WARN_DIRECT_OBJC_ISA_USAGE = YES_ERROR;
				CLANG_WARN_DOCUMENTATION_COMMENTS = YES;
				CLANG_WARN_EMPTY_BODY = YES;
				CLANG_WARN_ENUM_CONVERSION = YES;
				CLANG_WARN_INFINITE_RECURSION = YES;
				CLANG_WARN_INT_CONVERSION = YES;
				CLANG_WARN_NON_LITERAL_NULL_CONVERSION = YES;
				CLANG_WARN_OBJC_IMPLICIT_RETAIN_SELF = YES;
				CLANG_WARN_OBJC_LITERAL_CONVERSION = YES;
				CLANG_WARN_OBJC_ROOT_CLASS = YES_ERROR;
				CLANG_WARN_RANGE_LOOP_ANALYSIS = YES;
				CLANG_WARN_STRICT_PROTOTYPES = YES;
				CLANG_WARN_SUSPICIOUS_MOVE = YES;
				CLANG_WARN_UNGUARDED_AVAILABILITY = YES_AGGRESSIVE;
				CLANG_WARN_UNREACHABLE_CODE = YES;
				CLANG_WARN__DUPLICATE_METHOD_MATCH = YES;
				COPY_PHASE_STRIP = NO;
				DEBUG_INFORMATION_FORMAT = dwarf;
				ENABLE_STRICT_OBJC_MSGSEND = YES;
				ENABLE_TESTABILITY = YES;
				GCC_C_LANGUAGE_STANDARD = gnu11;
				GCC_DYNAMIC_NO_PIC = NO;
				GCC_NO_COMMON_BLOCKS = YES;
				GCC_OPTIMIZATION_LEVEL = 0;
				GCC_PREPROCESSOR_DEFINITIONS = (
					"DEBUG=1",
					"$(inherited)",
				);
				GCC_WARN_64_TO_32_BIT_CONVERSION = YES;
				GCC_WARN_ABOUT_RETURN_TYPE = YES_ERROR;
				GCC_WARN_UNDECLARED_SELECTOR = YES;
				GCC_WARN_UNINITIALIZED_AUTOS = YES_AGGRESSIVE;
				GCC_WARN_UNUSED_FUNCTION = YES;
				GCC_WARN_UNUSED_VARIABLE = YES;
				IPHONEOS_DEPLOYMENT_TARGET = 13.0;
				MTL_ENABLE_DEBUG_INFO = INCLUDE_SOURCE;
				MTL_FAST_MATH = YES;
				ONLY_ACTIVE_ARCH = YES;
				SDKROOT = iphoneos;
				SWIFT_ACTIVE_COMPILATION_CONDITIONS = DEBUG;
				SWIFT_OPTIMIZATION_LEVEL = "-Onone";
			};
			name = Debug;
		};
		FEC4C331234A1A0400BF4DAA /* Release */ = {
			isa = XCBuildConfiguration;
			buildSettings = {
				ALWAYS_SEARCH_USER_PATHS = NO;
				CLANG_ANALYZER_NONNULL = YES;
				CLANG_ANALYZER_NUMBER_OBJECT_CONVERSION = YES_AGGRESSIVE;
				CLANG_CXX_LANGUAGE_STANDARD = "gnu++14";
				CLANG_CXX_LIBRARY = "libc++";
				CLANG_ENABLE_MODULES = YES;
				CLANG_ENABLE_OBJC_ARC = YES;
				CLANG_ENABLE_OBJC_WEAK = YES;
				CLANG_WARN_BLOCK_CAPTURE_AUTORELEASING = YES;
				CLANG_WARN_BOOL_CONVERSION = YES;
				CLANG_WARN_COMMA = YES;
				CLANG_WARN_CONSTANT_CONVERSION = YES;
				CLANG_WARN_DEPRECATED_OBJC_IMPLEMENTATIONS = YES;
				CLANG_WARN_DIRECT_OBJC_ISA_USAGE = YES_ERROR;
				CLANG_WARN_DOCUMENTATION_COMMENTS = YES;
				CLANG_WARN_EMPTY_BODY = YES;
				CLANG_WARN_ENUM_CONVERSION = YES;
				CLANG_WARN_INFINITE_RECURSION = YES;
				CLANG_WARN_INT_CONVERSION = YES;
				CLANG_WARN_NON_LITERAL_NULL_CONVERSION = YES;
				CLANG_WARN_OBJC_IMPLICIT_RETAIN_SELF = YES;
				CLANG_WARN_OBJC_LITERAL_CONVERSION = YES;
				CLANG_WARN_OBJC_ROOT_CLASS = YES_ERROR;
				CLANG_WARN_RANGE_LOOP_ANALYSIS = YES;
				CLANG_WARN_STRICT_PROTOTYPES = YES;
				CLANG_WARN_SUSPICIOUS_MOVE = YES;
				CLANG_WARN_UNGUARDED_AVAILABILITY = YES_AGGRESSIVE;
				CLANG_WARN_UNREACHABLE_CODE = YES;
				CLANG_WARN__DUPLICATE_METHOD_MATCH = YES;
				COPY_PHASE_STRIP = NO;
				DEBUG_INFORMATION_FORMAT = "dwarf-with-dsym";
				ENABLE_NS_ASSERTIONS = NO;
				ENABLE_STRICT_OBJC_MSGSEND = YES;
				GCC_C_LANGUAGE_STANDARD = gnu11;
				GCC_NO_COMMON_BLOCKS = YES;
				GCC_WARN_64_TO_32_BIT_CONVERSION = YES;
				GCC_WARN_ABOUT_RETURN_TYPE = YES_ERROR;
				GCC_WARN_UNDECLARED_SELECTOR = YES;
				GCC_WARN_UNINITIALIZED_AUTOS = YES_AGGRESSIVE;
				GCC_WARN_UNUSED_FUNCTION = YES;
				GCC_WARN_UNUSED_VARIABLE = YES;
				IPHONEOS_DEPLOYMENT_TARGET = 13.0;
				MTL_ENABLE_DEBUG_INFO = NO;
				MTL_FAST_MATH = YES;
				SDKROOT = iphoneos;
				SWIFT_COMPILATION_MODE = wholemodule;
				SWIFT_OPTIMIZATION_LEVEL = "-O";
				VALIDATE_PRODUCT = YES;
			};
			name = Release;
		};
		FEC4C333234A1A0400BF4DAA /* Debug */ = {
			isa = XCBuildConfiguration;
			buildSettings = {
				ASSETCATALOG_COMPILER_APPICON_NAME = AppIcon;
				CODE_SIGN_STYLE = Automatic;
				DEVELOPMENT_TEAM = XWS6CUHRBX;
				INFOPLIST_FILE = cameraApp/Info.plist;
				LD_RUNPATH_SEARCH_PATHS = (
					"$(inherited)",
					"@executable_path/Frameworks",
				);
				PRODUCT_BUNDLE_IDENTIFIER = com.gmail.nagasaka244.514.cameraApp;
				PRODUCT_NAME = "$(TARGET_NAME)";
				SWIFT_VERSION = 5.0;
				TARGETED_DEVICE_FAMILY = "1,2";
			};
			name = Debug;
		};
		FEC4C334234A1A0400BF4DAA /* Release */ = {
			isa = XCBuildConfiguration;
			buildSettings = {
				ASSETCATALOG_COMPILER_APPICON_NAME = AppIcon;
				CODE_SIGN_STYLE = Automatic;
				DEVELOPMENT_TEAM = XWS6CUHRBX;
				INFOPLIST_FILE = cameraApp/Info.plist;
				LD_RUNPATH_SEARCH_PATHS = (
					"$(inherited)",
					"@executable_path/Frameworks",
				);
				PRODUCT_BUNDLE_IDENTIFIER = com.gmail.nagasaka244.514.cameraApp;
				PRODUCT_NAME = "$(TARGET_NAME)";
				SWIFT_VERSION = 5.0;
				TARGETED_DEVICE_FAMILY = "1,2";
			};
			name = Release;
		};
/* End XCBuildConfiguration section */

/* Begin XCConfigurationList section */
		FEC4C319234A19FB00BF4DAA /* Build configuration list for PBXProject "cameraApp" */ = {
			isa = XCConfigurationList;
			buildConfigurations = (
				FEC4C330234A1A0400BF4DAA /* Debug */,
				FEC4C331234A1A0400BF4DAA /* Release */,
			);
			defaultConfigurationIsVisible = 0;
			defaultConfigurationName = Release;
		};
		FEC4C332234A1A0400BF4DAA /* Build configuration list for PBXNativeTarget "cameraApp" */ = {
			isa = XCConfigurationList;
			buildConfigurations = (
				FEC4C333234A1A0400BF4DAA /* Debug */,
				FEC4C334234A1A0400BF4DAA /* Release */,
			);
			defaultConfigurationIsVisible = 0;
			defaultConfigurationName = Release;
		};
/* End XCConfigurationList section */
	};
	rootObject = FEC4C316234A19FB00BF4DAA /* Project object */;
}
